// !$*UTF8*$!
{
	archiveVersion = 1;
	classes = {
	};
	objectVersion = 48;
	objects = {

/* Begin PBXBuildFile section */
		CE3FAE411FB9A3F2000E66CE /* SampleListViewController.m in Sources */ = {isa = PBXBuildFile; fileRef = CE3FAE401FB9A3F2000E66CE /* SampleListViewController.m */; };
		CE7EAE731FBC21C600DDDBEC /* AutolayoutAnimation.m in Sources */ = {isa = PBXBuildFile; fileRef = CE7EAE721FBC21C600DDDBEC /* AutolayoutAnimation.m */; };
		CE7EAE761FBC21D400DDDBEC /* AutolayoutThreeButton.m in Sources */ = {isa = PBXBuildFile; fileRef = CE7EAE751FBC21D400DDDBEC /* AutolayoutThreeButton.m */; };
		CEA6605B1FB997DC00059C17 /* AppDelegate.m in Sources */ = {isa = PBXBuildFile; fileRef = CEA6605A1FB997DC00059C17 /* AppDelegate.m */; };
		CEA660631FB997DC00059C17 /* Assets.xcassets in Resources */ = {isa = PBXBuildFile; fileRef = CEA660621FB997DC00059C17 /* Assets.xcassets */; };
		CEA660661FB997DC00059C17 /* LaunchScreen.storyboard in Resources */ = {isa = PBXBuildFile; fileRef = CEA660641FB997DC00059C17 /* LaunchScreen.storyboard */; };
		CEA660691FB997DC00059C17 /* main.m in Sources */ = {isa = PBXBuildFile; fileRef = CEA660681FB997DC00059C17 /* main.m */; };
		CEA660711FB9980500059C17 /* CJURLSessionViewcontroller.m in Sources */ = {isa = PBXBuildFile; fileRef = CEA660701FB9980500059C17 /* CJURLSessionViewcontroller.m */; };
		CEDC26241FBAE28500AE62CD /* AutolayoutListViewController.m in Sources */ = {isa = PBXBuildFile; fileRef = CEDC26231FBAE28500AE62CD /* AutolayoutListViewController.m */; };
		CEDC26271FBAE2A500AE62CD /* BaseViewController.m in Sources */ = {isa = PBXBuildFile; fileRef = CEDC26261FBAE2A500AE62CD /* BaseViewController.m */; };
		CEDC262A1FBAE2D100AE62CD /* AutolayoutBasic.m in Sources */ = {isa = PBXBuildFile; fileRef = CEDC26291FBAE2D100AE62CD /* AutolayoutBasic.m */; };
		CEDC262D1FBAE2DB00AE62CD /* AutolayoutStackView.m in Sources */ = {isa = PBXBuildFile; fileRef = CEDC262C1FBAE2DB00AE62CD /* AutolayoutStackView.m */; };
		CEDC26301FBAE2E700AE62CD /* AutolayoutNestStackView.m in Sources */ = {isa = PBXBuildFile; fileRef = CEDC262F1FBAE2E700AE62CD /* AutolayoutNestStackView.m */; };
		CEDC26331FBAE2F800AE62CD /* AutolayoutVFL.m in Sources */ = {isa = PBXBuildFile; fileRef = CEDC26321FBAE2F800AE62CD /* AutolayoutVFL.m */; };
/* End PBXBuildFile section */

/* Begin PBXFileReference section */
		CE3FAE3F1FB9A3F2000E66CE /* SampleListViewController.h */ = {isa = PBXFileReference; lastKnownFileType = sourcecode.c.h; path = SampleListViewController.h; sourceTree = "<group>"; };
		CE3FAE401FB9A3F2000E66CE /* SampleListViewController.m */ = {isa = PBXFileReference; lastKnownFileType = sourcecode.c.objc; path = SampleListViewController.m; sourceTree = "<group>"; };
		CE7EAE711FBC21C600DDDBEC /* AutolayoutAnimation.h */ = {isa = PBXFileReference; lastKnownFileType = sourcecode.c.h; path = AutolayoutAnimation.h; sourceTree = "<group>"; };
		CE7EAE721FBC21C600DDDBEC /* AutolayoutAnimation.m */ = {isa = PBXFileReference; lastKnownFileType = sourcecode.c.objc; path = AutolayoutAnimation.m; sourceTree = "<group>"; };
		CE7EAE741FBC21D400DDDBEC /* AutolayoutThreeButton.h */ = {isa = PBXFileReference; lastKnownFileType = sourcecode.c.h; path = AutolayoutThreeButton.h; sourceTree = "<group>"; };
		CE7EAE751FBC21D400DDDBEC /* AutolayoutThreeButton.m */ = {isa = PBXFileReference; lastKnownFileType = sourcecode.c.objc; path = AutolayoutThreeButton.m; sourceTree = "<group>"; };
		CEA660561FB997DC00059C17 /* iOS_SampleCode.app */ = {isa = PBXFileReference; explicitFileType = wrapper.application; includeInIndex = 0; path = iOS_SampleCode.app; sourceTree = BUILT_PRODUCTS_DIR; };
		CEA660591FB997DC00059C17 /* AppDelegate.h */ = {isa = PBXFileReference; lastKnownFileType = sourcecode.c.h; path = AppDelegate.h; sourceTree = "<group>"; };
		CEA6605A1FB997DC00059C17 /* AppDelegate.m */ = {isa = PBXFileReference; lastKnownFileType = sourcecode.c.objc; path = AppDelegate.m; sourceTree = "<group>"; };
		CEA660621FB997DC00059C17 /* Assets.xcassets */ = {isa = PBXFileReference; lastKnownFileType = folder.assetcatalog; path = Assets.xcassets; sourceTree = "<group>"; };
		CEA660651FB997DC00059C17 /* Base */ = {isa = PBXFileReference; lastKnownFileType = file.storyboard; name = Base; path = Base.lproj/LaunchScreen.storyboard; sourceTree = "<group>"; };
		CEA660671FB997DC00059C17 /* Info.plist */ = {isa = PBXFileReference; lastKnownFileType = text.plist.xml; path = Info.plist; sourceTree = "<group>"; };
		CEA660681FB997DC00059C17 /* main.m */ = {isa = PBXFileReference; lastKnownFileType = sourcecode.c.objc; path = main.m; sourceTree = "<group>"; };
		CEA6606F1FB9980500059C17 /* CJURLSessionViewcontroller.h */ = {isa = PBXFileReference; lastKnownFileType = sourcecode.c.h; path = CJURLSessionViewcontroller.h; sourceTree = "<group>"; };
		CEA660701FB9980500059C17 /* CJURLSessionViewcontroller.m */ = {isa = PBXFileReference; lastKnownFileType = sourcecode.c.objc; path = CJURLSessionViewcontroller.m; sourceTree = "<group>"; };
		CEDC26221FBAE28500AE62CD /* AutolayoutListViewController.h */ = {isa = PBXFileReference; lastKnownFileType = sourcecode.c.h; path = AutolayoutListViewController.h; sourceTree = "<group>"; };
		CEDC26231FBAE28500AE62CD /* AutolayoutListViewController.m */ = {isa = PBXFileReference; lastKnownFileType = sourcecode.c.objc; path = AutolayoutListViewController.m; sourceTree = "<group>"; };
		CEDC26251FBAE2A500AE62CD /* BaseViewController.h */ = {isa = PBXFileReference; lastKnownFileType = sourcecode.c.h; path = BaseViewController.h; sourceTree = "<group>"; };
		CEDC26261FBAE2A500AE62CD /* BaseViewController.m */ = {isa = PBXFileReference; lastKnownFileType = sourcecode.c.objc; path = BaseViewController.m; sourceTree = "<group>"; };
		CEDC26281FBAE2D100AE62CD /* AutolayoutBasic.h */ = {isa = PBXFileReference; lastKnownFileType = sourcecode.c.h; path = AutolayoutBasic.h; sourceTree = "<group>"; };
		CEDC26291FBAE2D100AE62CD /* AutolayoutBasic.m */ = {isa = PBXFileReference; lastKnownFileType = sourcecode.c.objc; path = AutolayoutBasic.m; sourceTree = "<group>"; };
		CEDC262B1FBAE2DB00AE62CD /* AutolayoutStackView.h */ = {isa = PBXFileReference; lastKnownFileType = sourcecode.c.h; path = AutolayoutStackView.h; sourceTree = "<group>"; };
		CEDC262C1FBAE2DB00AE62CD /* AutolayoutStackView.m */ = {isa = PBXFileReference; lastKnownFileType = sourcecode.c.objc; path = AutolayoutStackView.m; sourceTree = "<group>"; };
		CEDC262E1FBAE2E700AE62CD /* AutolayoutNestStackView.h */ = {isa = PBXFileReference; lastKnownFileType = sourcecode.c.h; path = AutolayoutNestStackView.h; sourceTree = "<group>"; };
		CEDC262F1FBAE2E700AE62CD /* AutolayoutNestStackView.m */ = {isa = PBXFileReference; lastKnownFileType = sourcecode.c.objc; path = AutolayoutNestStackView.m; sourceTree = "<group>"; };
		CEDC26311FBAE2F800AE62CD /* AutolayoutVFL.h */ = {isa = PBXFileReference; lastKnownFileType = sourcecode.c.h; path = AutolayoutVFL.h; sourceTree = "<group>"; };
		CEDC26321FBAE2F800AE62CD /* AutolayoutVFL.m */ = {isa = PBXFileReference; lastKnownFileType = sourcecode.c.objc; path = AutolayoutVFL.m; sourceTree = "<group>"; };
/* End PBXFileReference section */

/* Begin PBXFrameworksBuildPhase section */
		CEA660531FB997DC00059C17 /* Frameworks */ = {
			isa = PBXFrameworksBuildPhase;
			buildActionMask = 2147483647;
			files = (
			);
			runOnlyForDeploymentPostprocessing = 0;
		};
/* End PBXFrameworksBuildPhase section */

/* Begin PBXGroup section */
		CEA6604D1FB997DC00059C17 = {
			isa = PBXGroup;
			children = (
				CEA660581FB997DC00059C17 /* iOS_SampleCode */,
				CEA660571FB997DC00059C17 /* Products */,
			);
			sourceTree = "<group>";
		};
		CEA660571FB997DC00059C17 /* Products */ = {
			isa = PBXGroup;
			children = (
				CEA660561FB997DC00059C17 /* iOS_SampleCode.app */,
			);
			name = Products;
			sourceTree = "<group>";
		};
		CEA660581FB997DC00059C17 /* iOS_SampleCode */ = {
			isa = PBXGroup;
			children = (
				CEDC26211FBAE24F00AE62CD /* Autolayout_Sample */,
				CEDC26201FBAE23400AE62CD /* NSURLSession_Sample */,
				CEA660591FB997DC00059C17 /* AppDelegate.h */,
				CEA6605A1FB997DC00059C17 /* AppDelegate.m */,
				CE3FAE3F1FB9A3F2000E66CE /* SampleListViewController.h */,
				CE3FAE401FB9A3F2000E66CE /* SampleListViewController.m */,
				CEA660621FB997DC00059C17 /* Assets.xcassets */,
				CEA660641FB997DC00059C17 /* LaunchScreen.storyboard */,
				CEA660671FB997DC00059C17 /* Info.plist */,
				CEA660681FB997DC00059C17 /* main.m */,
			);
			path = iOS_SampleCode;
			sourceTree = "<group>";
		};
		CEDC26201FBAE23400AE62CD /* NSURLSession_Sample */ = {
			isa = PBXGroup;
			children = (
				CEA6606F1FB9980500059C17 /* CJURLSessionViewcontroller.h */,
				CEA660701FB9980500059C17 /* CJURLSessionViewcontroller.m */,
			);
			path = NSURLSession_Sample;
			sourceTree = "<group>";
		};
		CEDC26211FBAE24F00AE62CD /* Autolayout_Sample */ = {
			isa = PBXGroup;
			children = (
				CEDC26221FBAE28500AE62CD /* AutolayoutListViewController.h */,
				CEDC26231FBAE28500AE62CD /* AutolayoutListViewController.m */,
				CEDC26251FBAE2A500AE62CD /* BaseViewController.h */,
				CEDC26261FBAE2A500AE62CD /* BaseViewController.m */,
				CEDC26281FBAE2D100AE62CD /* AutolayoutBasic.h */,
				CEDC26291FBAE2D100AE62CD /* AutolayoutBasic.m */,
				CE7EAE741FBC21D400DDDBEC /* AutolayoutThreeButton.h */,
				CE7EAE751FBC21D400DDDBEC /* AutolayoutThreeButton.m */,
				CEDC262B1FBAE2DB00AE62CD /* AutolayoutStackView.h */,
				CEDC262C1FBAE2DB00AE62CD /* AutolayoutStackView.m */,
				CEDC262E1FBAE2E700AE62CD /* AutolayoutNestStackView.h */,
				CEDC262F1FBAE2E700AE62CD /* AutolayoutNestStackView.m */,
				CEDC26311FBAE2F800AE62CD /* AutolayoutVFL.h */,
				CEDC26321FBAE2F800AE62CD /* AutolayoutVFL.m */,
				CE7EAE711FBC21C600DDDBEC /* AutolayoutAnimation.h */,
				CE7EAE721FBC21C600DDDBEC /* AutolayoutAnimation.m */,
			);
			path = Autolayout_Sample;
			sourceTree = "<group>";
		};
/* End PBXGroup section */

/* Begin PBXNativeTarget section */
		CEA660551FB997DC00059C17 /* iOS_SampleCode */ = {
			isa = PBXNativeTarget;
			buildConfigurationList = CEA6606C1FB997DC00059C17 /* Build configuration list for PBXNativeTarget "iOS_SampleCode" */;
			buildPhases = (
				CEA660521FB997DC00059C17 /* Sources */,
				CEA660531FB997DC00059C17 /* Frameworks */,
				CEA660541FB997DC00059C17 /* Resources */,
			);
			buildRules = (
			);
			dependencies = (
			);
			name = iOS_SampleCode;
			productName = iOS_SampleCode;
			productReference = CEA660561FB997DC00059C17 /* iOS_SampleCode.app */;
			productType = "com.apple.product-type.application";
		};
/* End PBXNativeTarget section */

/* Begin PBXProject section */
		CEA6604E1FB997DC00059C17 /* Project object */ = {
			isa = PBXProject;
			attributes = {
				LastUpgradeCheck = 0900;
				ORGANIZATIONNAME = USER;
				TargetAttributes = {
					CEA660551FB997DC00059C17 = {
						CreatedOnToolsVersion = 9.0.1;
						ProvisioningStyle = Automatic;
					};
				};
			};
			buildConfigurationList = CEA660511FB997DC00059C17 /* Build configuration list for PBXProject "iOS_SampleCode" */;
			compatibilityVersion = "Xcode 8.0";
			developmentRegion = en;
			hasScannedForEncodings = 0;
			knownRegions = (
				en,
				Base,
			);
			mainGroup = CEA6604D1FB997DC00059C17;
			productRefGroup = CEA660571FB997DC00059C17 /* Products */;
			projectDirPath = "";
			projectRoot = "";
			targets = (
				CEA660551FB997DC00059C17 /* iOS_SampleCode */,
			);
		};
/* End PBXProject section */

/* Begin PBXResourcesBuildPhase section */
		CEA660541FB997DC00059C17 /* Resources */ = {
			isa = PBXResourcesBuildPhase;
			buildActionMask = 2147483647;
			files = (
				CEA660661FB997DC00059C17 /* LaunchScreen.storyboard in Resources */,
				CEA660631FB997DC00059C17 /* Assets.xcassets in Resources */,
			);
			runOnlyForDeploymentPostprocessing = 0;
		};
/* End PBXResourcesBuildPhase section */

/* Begin PBXSourcesBuildPhase section */
		CEA660521FB997DC00059C17 /* Sources */ = {
			isa = PBXSourcesBuildPhase;
			buildActionMask = 2147483647;
			files = (
				CEDC262D1FBAE2DB00AE62CD /* AutolayoutStackView.m in Sources */,
				CEDC26301FBAE2E700AE62CD /* AutolayoutNestStackView.m in Sources */,
				CEA660691FB997DC00059C17 /* main.m in Sources */,
				CE7EAE731FBC21C600DDDBEC /* AutolayoutAnimation.m in Sources */,
				CEDC26271FBAE2A500AE62CD /* BaseViewController.m in Sources */,
				CEA660711FB9980500059C17 /* CJURLSessionViewcontroller.m in Sources */,
				CE3FAE411FB9A3F2000E66CE /* SampleListViewController.m in Sources */,
				CEA6605B1FB997DC00059C17 /* AppDelegate.m in Sources */,
				CEDC26331FBAE2F800AE62CD /* AutolayoutVFL.m in Sources */,
				CE7EAE761FBC21D400DDDBEC /* AutolayoutThreeButton.m in Sources */,
				CEDC26241FBAE28500AE62CD /* AutolayoutListViewController.m in Sources */,
				CEDC262A1FBAE2D100AE62CD /* AutolayoutBasic.m in Sources */,
			);
			runOnlyForDeploymentPostprocessing = 0;
		};
/* End PBXSourcesBuildPhase section */

/* Begin PBXVariantGroup section */
		CEA660641FB997DC00059C17 /* LaunchScreen.storyboard */ = {
			isa = PBXVariantGroup;
			children = (
				CEA660651FB997DC00059C17 /* Base */,
			);
			name = LaunchScreen.storyboard;
			sourceTree = "<group>";
		};
/* End PBXVariantGroup section */

/* Begin XCBuildConfiguration section */
		CEA6606A1FB997DC00059C17 /* Debug */ = {
			isa = XCBuildConfiguration;
			buildSettings = {
				ALWAYS_SEARCH_USER_PATHS = NO;
				CLANG_ANALYZER_NONNULL = YES;
				CLANG_ANALYZER_NUMBER_OBJECT_CONVERSION = YES_AGGRESSIVE;
				CLANG_CXX_LANGUAGE_STANDARD = "gnu++14";
				CLANG_CXX_LIBRARY = "libc++";
				CLANG_ENABLE_MODULES = YES;
				CLANG_ENABLE_OBJC_ARC = YES;
				CLANG_WARN_BLOCK_CAPTURE_AUTORELEASING = YES;
				CLANG_WARN_BOOL_CONVERSION = YES;
				CLANG_WARN_COMMA = YES;
				CLANG_WARN_CONSTANT_CONVERSION = YES;
				CLANG_WARN_DIRECT_OBJC_ISA_USAGE = YES_ERROR;
				CLANG_WARN_DOCUMENTATION_COMMENTS = YES;
				CLANG_WARN_EMPTY_BODY = YES;
				CLANG_WARN_ENUM_CONVERSION = YES;
				CLANG_WARN_INFINITE_RECURSION = YES;
				CLANG_WARN_INT_CONVERSION = YES;
				CLANG_WARN_NON_LITERAL_NULL_CONVERSION = YES;
				CLANG_WARN_OBJC_LITERAL_CONVERSION = YES;
				CLANG_WARN_OBJC_ROOT_CLASS = YES_ERROR;
				CLANG_WARN_RANGE_LOOP_ANALYSIS = YES;
				CLANG_WARN_STRICT_PROTOTYPES = YES;
				CLANG_WARN_SUSPICIOUS_MOVE = YES;
				CLANG_WARN_UNGUARDED_AVAILABILITY = YES_AGGRESSIVE;
				CLANG_WARN_UNREACHABLE_CODE = YES;
				CLANG_WARN__DUPLICATE_METHOD_MATCH = YES;
				CODE_SIGN_IDENTITY = "iPhone Developer";
				COPY_PHASE_STRIP = NO;
				DEBUG_INFORMATION_FORMAT = dwarf;
				ENABLE_STRICT_OBJC_MSGSEND = YES;
				ENABLE_TESTABILITY = YES;
				GCC_C_LANGUAGE_STANDARD = gnu11;
				GCC_DYNAMIC_NO_PIC = NO;
				GCC_NO_COMMON_BLOCKS = YES;
				GCC_OPTIMIZATION_LEVEL = 0;
				GCC_PREPROCESSOR_DEFINITIONS = (
					"DEBUG=1",
					"$(inherited)",
				);
				GCC_WARN_64_TO_32_BIT_CONVERSION = YES;
				GCC_WARN_ABOUT_RETURN_TYPE = YES_ERROR;
				GCC_WARN_UNDECLARED_SELECTOR = YES;
				GCC_WARN_UNINITIALIZED_AUTOS = YES_AGGRESSIVE;
				GCC_WARN_UNUSED_FUNCTION = YES;
				GCC_WARN_UNUSED_VARIABLE = YES;
				IPHONEOS_DEPLOYMENT_TARGET = 11.0;
				MTL_ENABLE_DEBUG_INFO = YES;
				ONLY_ACTIVE_ARCH = YES;
				SDKROOT = iphoneos;
			};
			name = Debug;
		};
		CEA6606B1FB997DC00059C17 /* Release */ = {
			isa = XCBuildConfiguration;
			buildSettings = {
				ALWAYS_SEARCH_USER_PATHS = NO;
				CLANG_ANALYZER_NONNULL = YES;
				CLANG_ANALYZER_NUMBER_OBJECT_CONVERSION = YES_AGGRESSIVE;
				CLANG_CXX_LANGUAGE_STANDARD = "gnu++14";
				CLANG_CXX_LIBRARY = "libc++";
				CLANG_ENABLE_MODULES = YES;
				CLANG_ENABLE_OBJC_ARC = YES;
				CLANG_WARN_BLOCK_CAPTURE_AUTORELEASING = YES;
				CLANG_WARN_BOOL_CONVERSION = YES;
				CLANG_WARN_COMMA = YES;
				CLANG_WARN_CONSTANT_CONVERSION = YES;
				CLANG_WARN_DIRECT_OBJC_ISA_USAGE = YES_ERROR;
				CLANG_WARN_DOCUMENTATION_COMMENTS = YES;
				CLANG_WARN_EMPTY_BODY = YES;
				CLANG_WARN_ENUM_CONVERSION = YES;
				CLANG_WARN_INFINITE_RECURSION = YES;
				CLANG_WARN_INT_CONVERSION = YES;
				CLANG_WARN_NON_LITERAL_NULL_CONVERSION = YES;
				CLANG_WARN_OBJC_LITERAL_CONVERSION = YES;
				CLANG_WARN_OBJC_ROOT_CLASS = YES_ERROR;
				CLANG_WARN_RANGE_LOOP_ANALYSIS = YES;
				CLANG_WARN_STRICT_PROTOTYPES = YES;
				CLANG_WARN_SUSPICIOUS_MOVE = YES;
				CLANG_WARN_UNGUARDED_AVAILABILITY = YES_AGGRESSIVE;
				CLANG_WARN_UNREACHABLE_CODE = YES;
				CLANG_WARN__DUPLICATE_METHOD_MATCH = YES;
				CODE_SIGN_IDENTITY = "iPhone Developer";
				COPY_PHASE_STRIP = NO;
				DEBUG_INFORMATION_FORMAT = "dwarf-with-dsym";
				ENABLE_NS_ASSERTIONS = NO;
				ENABLE_STRICT_OBJC_MSGSEND = YES;
				GCC_C_LANGUAGE_STANDARD = gnu11;
				GCC_NO_COMMON_BLOCKS = YES;
				GCC_WARN_64_TO_32_BIT_CONVERSION = YES;
				GCC_WARN_ABOUT_RETURN_TYPE = YES_ERROR;
				GCC_WARN_UNDECLARED_SELECTOR = YES;
				GCC_WARN_UNINITIALIZED_AUTOS = YES_AGGRESSIVE;
				GCC_WARN_UNUSED_FUNCTION = YES;
				GCC_WARN_UNUSED_VARIABLE = YES;
				IPHONEOS_DEPLOYMENT_TARGET = 11.0;
				MTL_ENABLE_DEBUG_INFO = NO;
				SDKROOT = iphoneos;
				VALIDATE_PRODUCT = YES;
			};
			name = Release;
		};
		CEA6606D1FB997DC00059C17 /* Debug */ = {
			isa = XCBuildConfiguration;
			buildSettings = {
				ASSETCATALOG_COMPILER_APPICON_NAME = AppIcon;
				CODE_SIGN_STYLE = Automatic;
				INFOPLIST_FILE = iOS_SampleCode/Info.plist;
				LD_RUNPATH_SEARCH_PATHS = "$(inherited) @executable_path/Frameworks";
				PRODUCT_BUNDLE_IDENTIFIER = "com.test.iOS-SampleCode";
				PRODUCT_NAME = "$(TARGET_NAME)";
				TARGETED_DEVICE_FAMILY = "1,2";
			};
			name = Debug;
		};
		CEA6606E1FB997DC00059C17 /* Release */ = {
			isa = XCBuildConfiguration;
			buildSettings = {
				ASSETCATALOG_COMPILER_APPICON_NAME = AppIcon;
				CODE_SIGN_STYLE = Automatic;
				INFOPLIST_FILE = iOS_SampleCode/Info.plist;
				LD_RUNPATH_SEARCH_PATHS = "$(inherited) @executable_path/Frameworks";
				PRODUCT_BUNDLE_IDENTIFIER = "com.test.iOS-SampleCode";
				PRODUCT_NAME = "$(TARGET_NAME)";
				TARGETED_DEVICE_FAMILY = "1,2";
			};
			name = Release;
		};
/* End XCBuildConfiguration section */

/* Begin XCConfigurationList section */
		CEA660511FB997DC00059C17 /* Build configuration list for PBXProject "iOS_SampleCode" */ = {
			isa = XCConfigurationList;
			buildConfigurations = (
				CEA6606A1FB997DC00059C17 /* Debug */,
				CEA6606B1FB997DC00059C17 /* Release */,
			);
			defaultConfigurationIsVisible = 0;
			defaultConfigurationName = Release;
		};
		CEA6606C1FB997DC00059C17 /* Build configuration list for PBXNativeTarget "iOS_SampleCode" */ = {
			isa = XCConfigurationList;
			buildConfigurations = (
				CEA6606D1FB997DC00059C17 /* Debug */,
				CEA6606E1FB997DC00059C17 /* Release */,
			);
			defaultConfigurationIsVisible = 0;
			defaultConfigurationName = Release;
		};
/* End XCConfigurationList section */
	};
	rootObject = CEA6604E1FB997DC00059C17 /* Project object */;
}
